
Microsoft Visual Studio Solution File, Format Version 12.00
# Visual Studio Version 16
VisualStudioVersion = 16.0.30413.136
MinimumVisualStudioVersion = 10.0.40219.1
Project("{FAE04EC0-301F-11D3-BF4B-00C04F79EFBC}") = "AppDirecteur", "AppDirecteur\AppDirecteur.csproj", "{68A42380-E555-4C12-AD07-C1613D11A959}"
EndProject
Project("{FAE04EC0-301F-11D3-BF4B-00C04F79EFBC}") = "Console", "Console\Console.csproj", "{8577847A-10A6-4773-9A8D-AD37090C5EFC}"
EndProject
Project("{FAE04EC0-301F-11D3-BF4B-00C04F79EFBC}") = "ModelLayers", "ModelLayers\ModelLayers.csproj", "{2729E677-8F17-43A4-919C-5CACEF4D2BD9}"
EndProject
Global
	GlobalSection(SolutionConfigurationPlatforms) = preSolution
		Debug|Any CPU = Debug|Any CPU
		Release|Any CPU = Release|Any CPU
	EndGlobalSection
	GlobalSection(ProjectConfigurationPlatforms) = postSolution
		{68A42380-E555-4C12-AD07-C1613D11A959}.Debug|Any CPU.ActiveCfg = Debug|Any CPU
		{68A42380-E555-4C12-AD07-C1613D11A959}.Debug|Any CPU.Build.0 = Debug|Any CPU
		{68A42380-E555-4C12-AD07-C1613D11A959}.Release|Any CPU.ActiveCfg = Release|Any CPU
		{68A42380-E555-4C12-AD07-C1613D11A959}.Release|Any CPU.Build.0 = Release|Any CPU
		{8577847A-10A6-4773-9A8D-AD37090C5EFC}.Debug|Any CPU.ActiveCfg = Debug|Any CPU
		{8577847A-10A6-4773-9A8D-AD37090C5EFC}.Debug|Any CPU.Build.0 = Debug|Any CPU
		{8577847A-10A6-4773-9A8D-AD37090C5EFC}.Release|Any CPU.ActiveCfg = Release|Any CPU
		{8577847A-10A6-4773-9A8D-AD37090C5EFC}.Release|Any CPU.Build.0 = Release|Any CPU
		{2729E677-8F17-43A4-919C-5CACEF4D2BD9}.Debug|Any CPU.ActiveCfg = Debug|Any CPU
		{2729E677-8F17-43A4-919C-5CACEF4D2BD9}.Debug|Any CPU.Build.0 = Debug|Any CPU
		{2729E677-8F17-43A4-919C-5CACEF4D2BD9}.Release|Any CPU.ActiveCfg = Release|Any CPU
		{2729E677-8F17-43A4-919C-5CACEF4D2BD9}.Release|Any CPU.Build.0 = Release|Any CPU
	EndGlobalSection
	GlobalSection(SolutionProperties) = preSolution
		HideSolutionNode = FALSE
	EndGlobalSection
	GlobalSection(ExtensibilityGlobals) = postSolution
		SolutionGuid = {236FCCE6-7F16-425D-A61E-780672E80B10}
	EndGlobalSection
EndGlobal
